
Microsoft Visual Studio Solution File, Format Version 12.00
# Visual Studio Version 17
VisualStudioVersion = 17.0.32014.148
MinimumVisualStudioVersion = 10.0.40219.1
Project("{FAE04EC0-301F-11D3-BF4B-00C04F79EFBC}") = "FiniteDifferenceFormula", "FiniteDifferenceFormula\FiniteDifferenceFormula.csproj", "{9399CCE3-ADA5-491D-94EC-490AD2376985}"
EndProject
Global
	GlobalSection(SolutionConfigurationPlatforms) = preSolution
		Debug|Any CPU = Debug|Any CPU
		Release|Any CPU = Release|Any CPU
	EndGlobalSection
	GlobalSection(ProjectConfigurationPlatforms) = postSolution
		{9399CCE3-ADA5-491D-94EC-490AD2376985}.Debug|Any CPU.ActiveCfg = Debug|Any CPU
		{9399CCE3-ADA5-491D-94EC-490AD2376985}.Debug|Any CPU.Build.0 = Debug|Any CPU
		{9399CCE3-ADA5-491D-94EC-490AD2376985}.Release|Any CPU.ActiveCfg = Release|Any CPU
		{9399CCE3-ADA5-491D-94EC-490AD2376985}.Release|Any CPU.Build.0 = Release|Any CPU
	EndGlobalSection
	GlobalSection(SolutionProperties) = preSolution
		HideSolutionNode = FALSE
	EndGlobalSection
	GlobalSection(ExtensibilityGlobals) = postSolution
		SolutionGuid = {B4A793E0-F0E7-460E-A5D5-4832F4B03CA3}
	EndGlobalSection
EndGlobal
